
Microsoft Visual Studio Solution File, Format Version 12.00
# Visual Studio Version 17
VisualStudioVersion = 17.13.35931.197
MinimumVisualStudioVersion = 10.0.40219.1
Project("{FAE04EC0-301F-11D3-BF4B-00C04F79EFBC}") = "TaxiApp.PL", "TaxiApp\TaxiApp.PL.csproj", "{06B69695-8DEF-4677-8A63-84AF7B0D4FED}"
EndProject
Project("{FAE04EC0-301F-11D3-BF4B-00C04F79EFBC}") = "TaxiApp.DAL", "TaxiApp.DAL\TaxiApp.DAL.csproj", "{2455E506-FC7E-46A4-B90C-7F2CC58E184D}"
EndProject
Project("{FAE04EC0-301F-11D3-BF4B-00C04F79EFBC}") = "TaxiApp.BLL", "TaxiApp.BLL\TaxiApp.BLL.csproj", "{2160C02F-E67C-4F21-A9FE-BE3C53693E58}"
EndProject
Global
	GlobalSection(SolutionConfigurationPlatforms) = preSolution
		Debug|Any CPU = Debug|Any CPU
		Release|Any CPU = Release|Any CPU
	EndGlobalSection
	GlobalSection(ProjectConfigurationPlatforms) = postSolution
		{06B69695-8DEF-4677-8A63-84AF7B0D4FED}.Debug|Any CPU.ActiveCfg = Debug|Any CPU
		{06B69695-8DEF-4677-8A63-84AF7B0D4FED}.Debug|Any CPU.Build.0 = Debug|Any CPU
		{06B69695-8DEF-4677-8A63-84AF7B0D4FED}.Release|Any CPU.ActiveCfg = Release|Any CPU
		{06B69695-8DEF-4677-8A63-84AF7B0D4FED}.Release|Any CPU.Build.0 = Release|Any CPU
		{2455E506-FC7E-46A4-B90C-7F2CC58E184D}.Debug|Any CPU.ActiveCfg = Debug|Any CPU
		{2455E506-FC7E-46A4-B90C-7F2CC58E184D}.Debug|Any CPU.Build.0 = Debug|Any CPU
		{2455E506-FC7E-46A4-B90C-7F2CC58E184D}.Release|Any CPU.ActiveCfg = Release|Any CPU
		{2455E506-FC7E-46A4-B90C-7F2CC58E184D}.Release|Any CPU.Build.0 = Release|Any CPU
		{2160C02F-E67C-4F21-A9FE-BE3C53693E58}.Debug|Any CPU.ActiveCfg = Debug|Any CPU
		{2160C02F-E67C-4F21-A9FE-BE3C53693E58}.Debug|Any CPU.Build.0 = Debug|Any CPU
		{2160C02F-E67C-4F21-A9FE-BE3C53693E58}.Release|Any CPU.ActiveCfg = Release|Any CPU
		{2160C02F-E67C-4F21-A9FE-BE3C53693E58}.Release|Any CPU.Build.0 = Release|Any CPU
	EndGlobalSection
	GlobalSection(SolutionProperties) = preSolution
		HideSolutionNode = FALSE
	EndGlobalSection
	GlobalSection(ExtensibilityGlobals) = postSolution
		SolutionGuid = {3BB8DC44-C057-4D89-AC60-3184AE268E20}
	EndGlobalSection
EndGlobal
